// !$*UTF8*$!
{
	archiveVersion = 1;
	classes = {
	};
	objectVersion = 56;
	objects = {

/* Begin PBXBuildFile section */
		897D018129A3FA1E00EE7A03 /* TrainSelector.swift in Sources */ = {isa = PBXBuildFile; fileRef = 897D018029A3FA1E00EE7A03 /* TrainSelector.swift */; };
		89A6F50229998AA900E5052F /* VayaApp.swift in Sources */ = {isa = PBXBuildFile; fileRef = 89A6F50129998AA900E5052F /* VayaApp.swift */; };
		89A6F50629998AB100E5052F /* Assets.xcassets in Resources */ = {isa = PBXBuildFile; fileRef = 89A6F50529998AB100E5052F /* Assets.xcassets */; };
		89A6F50929998AB100E5052F /* Preview Assets.xcassets in Resources */ = {isa = PBXBuildFile; fileRef = 89A6F50829998AB100E5052F /* Preview Assets.xcassets */; };
		89A6F51129998B5900E5052F /* LoginView.swift in Sources */ = {isa = PBXBuildFile; fileRef = 89A6F51029998B5900E5052F /* LoginView.swift */; };
		89A6F51429998FD400E5052F /* RoundedShape.swift in Sources */ = {isa = PBXBuildFile; fileRef = 89A6F51329998FD400E5052F /* RoundedShape.swift */; };
		89A6F5162999A07C00E5052F /* RegistrationView.swift in Sources */ = {isa = PBXBuildFile; fileRef = 89A6F5152999A07C00E5052F /* RegistrationView.swift */; };
		89A6F5182999A2BD00E5052F /* CustomInputField.swift in Sources */ = {isa = PBXBuildFile; fileRef = 89A6F5172999A2BD00E5052F /* CustomInputField.swift */; };
		89A6F51B2999A50D00E5052F /* AuthenticationHeaderView.swift in Sources */ = {isa = PBXBuildFile; fileRef = 89A6F51A2999A50D00E5052F /* AuthenticationHeaderView.swift */; };
		89AAF5F229A68FDC004AC0D0 /* PopupView in Frameworks */ = {isa = PBXBuildFile; productRef = 89AAF5F129A68FDC004AC0D0 /* PopupView */; };
		89CF4457299B52D400D2F95F /* GoogleService-Info.plist in Resources */ = {isa = PBXBuildFile; fileRef = 89CF4456299B52D400D2F95F /* GoogleService-Info.plist */; };
		89CF445A299B53EB00D2F95F /* FirebaseAuth in Frameworks */ = {isa = PBXBuildFile; productRef = 89CF4459299B53EB00D2F95F /* FirebaseAuth */; };
		89CF445C299B53EB00D2F95F /* FirebaseFirestore in Frameworks */ = {isa = PBXBuildFile; productRef = 89CF445B299B53EB00D2F95F /* FirebaseFirestore */; };
		89CF445E299B53EB00D2F95F /* FirebaseFirestoreSwift in Frameworks */ = {isa = PBXBuildFile; productRef = 89CF445D299B53EB00D2F95F /* FirebaseFirestoreSwift */; };
		89CF4460299B53EB00D2F95F /* FirebaseStorage in Frameworks */ = {isa = PBXBuildFile; productRef = 89CF445F299B53EB00D2F95F /* FirebaseStorage */; };
		89CF4462299C732700D2F95F /* SplashScreenView.swift in Sources */ = {isa = PBXBuildFile; fileRef = 89CF4461299C732700D2F95F /* SplashScreenView.swift */; };
		89CF4464299C93E900D2F95F /* AuthenticationViewModel.swift in Sources */ = {isa = PBXBuildFile; fileRef = 89CF4463299C93E900D2F95F /* AuthenticationViewModel.swift */; };
		89CF446629A1E1B500D2F95F /* TrainPlatformView.swift in Sources */ = {isa = PBXBuildFile; fileRef = 89CF446529A1E1B500D2F95F /* TrainPlatformView.swift */; };
/* End PBXBuildFile section */

/* Begin PBXFileReference section */
		897D018029A3FA1E00EE7A03 /* TrainSelector.swift */ = {isa = PBXFileReference; lastKnownFileType = sourcecode.swift; path = TrainSelector.swift; sourceTree = "<group>"; };
		89A6F4FE29998AA900E5052F /* Vaya.app */ = {isa = PBXFileReference; explicitFileType = wrapper.application; includeInIndex = 0; path = Vaya.app; sourceTree = BUILT_PRODUCTS_DIR; };
		89A6F50129998AA900E5052F /* VayaApp.swift */ = {isa = PBXFileReference; lastKnownFileType = sourcecode.swift; path = VayaApp.swift; sourceTree = "<group>"; };
		89A6F50529998AB100E5052F /* Assets.xcassets */ = {isa = PBXFileReference; lastKnownFileType = folder.assetcatalog; path = Assets.xcassets; sourceTree = "<group>"; };
		89A6F50829998AB100E5052F /* Preview Assets.xcassets */ = {isa = PBXFileReference; lastKnownFileType = folder.assetcatalog; path = "Preview Assets.xcassets"; sourceTree = "<group>"; };
		89A6F51029998B5900E5052F /* LoginView.swift */ = {isa = PBXFileReference; lastKnownFileType = sourcecode.swift; path = LoginView.swift; sourceTree = "<group>"; };
		89A6F51329998FD400E5052F /* RoundedShape.swift */ = {isa = PBXFileReference; lastKnownFileType = sourcecode.swift; path = RoundedShape.swift; sourceTree = "<group>"; };
		89A6F5152999A07C00E5052F /* RegistrationView.swift */ = {isa = PBXFileReference; lastKnownFileType = sourcecode.swift; path = RegistrationView.swift; sourceTree = "<group>"; };
		89A6F5172999A2BD00E5052F /* CustomInputField.swift */ = {isa = PBXFileReference; lastKnownFileType = sourcecode.swift; path = CustomInputField.swift; sourceTree = "<group>"; };
		89A6F51A2999A50D00E5052F /* AuthenticationHeaderView.swift */ = {isa = PBXFileReference; lastKnownFileType = sourcecode.swift; path = AuthenticationHeaderView.swift; sourceTree = "<group>"; };
		89CF4456299B52D400D2F95F /* GoogleService-Info.plist */ = {isa = PBXFileReference; lastKnownFileType = text.plist; path = "GoogleService-Info.plist"; sourceTree = SOURCE_ROOT; };
		89CF4461299C732700D2F95F /* SplashScreenView.swift */ = {isa = PBXFileReference; lastKnownFileType = sourcecode.swift; path = SplashScreenView.swift; sourceTree = "<group>"; };
		89CF4463299C93E900D2F95F /* AuthenticationViewModel.swift */ = {isa = PBXFileReference; lastKnownFileType = sourcecode.swift; path = AuthenticationViewModel.swift; sourceTree = "<group>"; };
		89CF446529A1E1B500D2F95F /* TrainPlatformView.swift */ = {isa = PBXFileReference; lastKnownFileType = sourcecode.swift; path = TrainPlatformView.swift; sourceTree = "<group>"; };
/* End PBXFileReference section */

/* Begin PBXFrameworksBuildPhase section */
		89A6F4FB29998AA900E5052F /* Frameworks */ = {
			isa = PBXFrameworksBuildPhase;
			buildActionMask = 2147483647;
			files = (
				89CF445A299B53EB00D2F95F /* FirebaseAuth in Frameworks */,
				89CF4460299B53EB00D2F95F /* FirebaseStorage in Frameworks */,
				89AAF5F229A68FDC004AC0D0 /* PopupView in Frameworks */,
				89CF445C299B53EB00D2F95F /* FirebaseFirestore in Frameworks */,
				89CF445E299B53EB00D2F95F /* FirebaseFirestoreSwift in Frameworks */,
			);
			runOnlyForDeploymentPostprocessing = 0;
		};
/* End PBXFrameworksBuildPhase section */

/* Begin PBXGroup section */
		89A6F4F529998AA900E5052F = {
			isa = PBXGroup;
			children = (
				89A6F50029998AA900E5052F /* Vaya */,
				89A6F4FF29998AA900E5052F /* Products */,
			);
			sourceTree = "<group>";
		};
		89A6F4FF29998AA900E5052F /* Products */ = {
			isa = PBXGroup;
			children = (
				89A6F4FE29998AA900E5052F /* Vaya.app */,
			);
			name = Products;
			sourceTree = "<group>";
		};
		89A6F50029998AA900E5052F /* Vaya */ = {
			isa = PBXGroup;
			children = (
				89A6F51229998FC300E5052F /* Components */,
				89A6F50F29998B1500E5052F /* Views */,
				89A6F50129998AA900E5052F /* VayaApp.swift */,
				89A6F50529998AB100E5052F /* Assets.xcassets */,
				89CF4456299B52D400D2F95F /* GoogleService-Info.plist */,
				89A6F50729998AB100E5052F /* Preview Content */,
			);
			path = Vaya;
			sourceTree = "<group>";
		};
		89A6F50729998AB100E5052F /* Preview Content */ = {
			isa = PBXGroup;
			children = (
				89A6F50829998AB100E5052F /* Preview Assets.xcassets */,
			);
			path = "Preview Content";
			sourceTree = "<group>";
		};
		89A6F50F29998B1500E5052F /* Views */ = {
			isa = PBXGroup;
			children = (
				89A6F51029998B5900E5052F /* LoginView.swift */,
				89A6F5152999A07C00E5052F /* RegistrationView.swift */,
				89CF4461299C732700D2F95F /* SplashScreenView.swift */,
				89CF446529A1E1B500D2F95F /* TrainPlatformView.swift */,
				897D018029A3FA1E00EE7A03 /* TrainSelector.swift */,
			);
			path = Views;
			sourceTree = "<group>";
		};
		89A6F51229998FC300E5052F /* Components */ = {
			isa = PBXGroup;
			children = (
				89A6F5192999A4FA00E5052F /* Authentication */,
				89A6F51329998FD400E5052F /* RoundedShape.swift */,
				89A6F5172999A2BD00E5052F /* CustomInputField.swift */,
			);
			path = Components;
			sourceTree = "<group>";
		};
		89A6F5192999A4FA00E5052F /* Authentication */ = {
			isa = PBXGroup;
			children = (
				89A6F51A2999A50D00E5052F /* AuthenticationHeaderView.swift */,
				89CF4463299C93E900D2F95F /* AuthenticationViewModel.swift */,
			);
			path = Authentication;
			sourceTree = "<group>";
		};
/* End PBXGroup section */

/* Begin PBXNativeTarget section */
		89A6F4FD29998AA900E5052F /* Vaya */ = {
			isa = PBXNativeTarget;
			buildConfigurationList = 89A6F50C29998AB100E5052F /* Build configuration list for PBXNativeTarget "Vaya" */;
			buildPhases = (
				89A6F4FA29998AA900E5052F /* Sources */,
				89A6F4FB29998AA900E5052F /* Frameworks */,
				89A6F4FC29998AA900E5052F /* Resources */,
			);
			buildRules = (
			);
			dependencies = (
			);
			name = Vaya;
			packageProductDependencies = (
				89CF4459299B53EB00D2F95F /* FirebaseAuth */,
				89CF445B299B53EB00D2F95F /* FirebaseFirestore */,
				89CF445D299B53EB00D2F95F /* FirebaseFirestoreSwift */,
				89CF445F299B53EB00D2F95F /* FirebaseStorage */,
				89AAF5F129A68FDC004AC0D0 /* PopupView */,
			);
			productName = Vaya;
			productReference = 89A6F4FE29998AA900E5052F /* Vaya.app */;
			productType = "com.apple.product-type.application";
		};
/* End PBXNativeTarget section */

/* Begin PBXProject section */
		89A6F4F629998AA900E5052F /* Project object */ = {
			isa = PBXProject;
			attributes = {
				BuildIndependentTargetsInParallel = 1;
				LastSwiftUpdateCheck = 1420;
				LastUpgradeCheck = 1420;
				TargetAttributes = {
					89A6F4FD29998AA900E5052F = {
						CreatedOnToolsVersion = 14.2;
					};
				};
			};
			buildConfigurationList = 89A6F4F929998AA900E5052F /* Build configuration list for PBXProject "Vaya" */;
			compatibilityVersion = "Xcode 14.0";
			developmentRegion = en;
			hasScannedForEncodings = 0;
			knownRegions = (
				en,
				Base,
			);
			mainGroup = 89A6F4F529998AA900E5052F;
			packageReferences = (
				89CF4458299B53EB00D2F95F /* XCRemoteSwiftPackageReference "firebase-ios-sdk" */,
				89AAF5F029A68FDC004AC0D0 /* XCRemoteSwiftPackageReference "PopupView" */,
			);
			productRefGroup = 89A6F4FF29998AA900E5052F /* Products */;
			projectDirPath = "";
			projectRoot = "";
			targets = (
				89A6F4FD29998AA900E5052F /* Vaya */,
			);
		};
/* End PBXProject section */

/* Begin PBXResourcesBuildPhase section */
		89A6F4FC29998AA900E5052F /* Resources */ = {
			isa = PBXResourcesBuildPhase;
			buildActionMask = 2147483647;
			files = (
				89A6F50929998AB100E5052F /* Preview Assets.xcassets in Resources */,
				89A6F50629998AB100E5052F /* Assets.xcassets in Resources */,
				89CF4457299B52D400D2F95F /* GoogleService-Info.plist in Resources */,
			);
			runOnlyForDeploymentPostprocessing = 0;
		};
/* End PBXResourcesBuildPhase section */

/* Begin PBXSourcesBuildPhase section */
		89A6F4FA29998AA900E5052F /* Sources */ = {
			isa = PBXSourcesBuildPhase;
			buildActionMask = 2147483647;
			files = (
				89CF4462299C732700D2F95F /* SplashScreenView.swift in Sources */,
				897D018129A3FA1E00EE7A03 /* TrainSelector.swift in Sources */,
				89A6F5182999A2BD00E5052F /* CustomInputField.swift in Sources */,
				89A6F51129998B5900E5052F /* LoginView.swift in Sources */,
				89A6F50229998AA900E5052F /* VayaApp.swift in Sources */,
				89CF4464299C93E900D2F95F /* AuthenticationViewModel.swift in Sources */,
				89A6F51429998FD400E5052F /* RoundedShape.swift in Sources */,
				89A6F5162999A07C00E5052F /* RegistrationView.swift in Sources */,
				89A6F51B2999A50D00E5052F /* AuthenticationHeaderView.swift in Sources */,
				89CF446629A1E1B500D2F95F /* TrainPlatformView.swift in Sources */,
			);
			runOnlyForDeploymentPostprocessing = 0;
		};
/* End PBXSourcesBuildPhase section */

/* Begin XCBuildConfiguration section */
		89A6F50A29998AB100E5052F /* Debug */ = {
			isa = XCBuildConfiguration;
			buildSettings = {
				ALWAYS_SEARCH_USER_PATHS = NO;
				CLANG_ANALYZER_NONNULL = YES;
				CLANG_ANALYZER_NUMBER_OBJECT_CONVERSION = YES_AGGRESSIVE;
				CLANG_CXX_LANGUAGE_STANDARD = "gnu++20";
				CLANG_ENABLE_MODULES = YES;
				CLANG_ENABLE_OBJC_ARC = YES;
				CLANG_ENABLE_OBJC_WEAK = YES;
				CLANG_WARN_BLOCK_CAPTURE_AUTORELEASING = YES;
				CLANG_WARN_BOOL_CONVERSION = YES;
				CLANG_WARN_COMMA = YES;
				CLANG_WARN_CONSTANT_CONVERSION = YES;
				CLANG_WARN_DEPRECATED_OBJC_IMPLEMENTATIONS = YES;
				CLANG_WARN_DIRECT_OBJC_ISA_USAGE = YES_ERROR;
				CLANG_WARN_DOCUMENTATION_COMMENTS = YES;
				CLANG_WARN_EMPTY_BODY = YES;
				CLANG_WARN_ENUM_CONVERSION = YES;
				CLANG_WARN_INFINITE_RECURSION = YES;
				CLANG_WARN_INT_CONVERSION = YES;
				CLANG_WARN_NON_LITERAL_NULL_CONVERSION = YES;
				CLANG_WARN_OBJC_IMPLICIT_RETAIN_SELF = YES;
				CLANG_WARN_OBJC_LITERAL_CONVERSION = YES;
				CLANG_WARN_OBJC_ROOT_CLASS = YES_ERROR;
				CLANG_WARN_QUOTED_INCLUDE_IN_FRAMEWORK_HEADER = YES;
				CLANG_WARN_RANGE_LOOP_ANALYSIS = YES;
				CLANG_WARN_STRICT_PROTOTYPES = YES;
				CLANG_WARN_SUSPICIOUS_MOVE = YES;
				CLANG_WARN_UNGUARDED_AVAILABILITY = YES_AGGRESSIVE;
				CLANG_WARN_UNREACHABLE_CODE = YES;
				CLANG_WARN__DUPLICATE_METHOD_MATCH = YES;
				COPY_PHASE_STRIP = NO;
				DEBUG_INFORMATION_FORMAT = dwarf;
				ENABLE_STRICT_OBJC_MSGSEND = YES;
				ENABLE_TESTABILITY = YES;
				GCC_C_LANGUAGE_STANDARD = gnu11;
				GCC_DYNAMIC_NO_PIC = NO;
				GCC_NO_COMMON_BLOCKS = YES;
				GCC_OPTIMIZATION_LEVEL = 0;
				GCC_PREPROCESSOR_DEFINITIONS = (
					"DEBUG=1",
					"$(inherited)",
				);
				GCC_WARN_64_TO_32_BIT_CONVERSION = YES;
				GCC_WARN_ABOUT_RETURN_TYPE = YES_ERROR;
				GCC_WARN_UNDECLARED_SELECTOR = YES;
				GCC_WARN_UNINITIALIZED_AUTOS = YES_AGGRESSIVE;
				GCC_WARN_UNUSED_FUNCTION = YES;
				GCC_WARN_UNUSED_VARIABLE = YES;
				IPHONEOS_DEPLOYMENT_TARGET = 16.2;
				MTL_ENABLE_DEBUG_INFO = INCLUDE_SOURCE;
				MTL_FAST_MATH = YES;
				ONLY_ACTIVE_ARCH = YES;
				SDKROOT = iphoneos;
				SWIFT_ACTIVE_COMPILATION_CONDITIONS = DEBUG;
				SWIFT_OPTIMIZATION_LEVEL = "-Onone";
			};
			name = Debug;
		};
		89A6F50B29998AB100E5052F /* Release */ = {
			isa = XCBuildConfiguration;
			buildSettings = {
				ALWAYS_SEARCH_USER_PATHS = NO;
				CLANG_ANALYZER_NONNULL = YES;
				CLANG_ANALYZER_NUMBER_OBJECT_CONVERSION = YES_AGGRESSIVE;
				CLANG_CXX_LANGUAGE_STANDARD = "gnu++20";
				CLANG_ENABLE_MODULES = YES;
				CLANG_ENABLE_OBJC_ARC = YES;
				CLANG_ENABLE_OBJC_WEAK = YES;
				CLANG_WARN_BLOCK_CAPTURE_AUTORELEASING = YES;
				CLANG_WARN_BOOL_CONVERSION = YES;
				CLANG_WARN_COMMA = YES;
				CLANG_WARN_CONSTANT_CONVERSION = YES;
				CLANG_WARN_DEPRECATED_OBJC_IMPLEMENTATIONS = YES;
				CLANG_WARN_DIRECT_OBJC_ISA_USAGE = YES_ERROR;
				CLANG_WARN_DOCUMENTATION_COMMENTS = YES;
				CLANG_WARN_EMPTY_BODY = YES;
				CLANG_WARN_ENUM_CONVERSION = YES;
				CLANG_WARN_INFINITE_RECURSION = YES;
				CLANG_WARN_INT_CONVERSION = YES;
				CLANG_WARN_NON_LITERAL_NULL_CONVERSION = YES;
				CLANG_WARN_OBJC_IMPLICIT_RETAIN_SELF = YES;
				CLANG_WARN_OBJC_LITERAL_CONVERSION = YES;
				CLANG_WARN_OBJC_ROOT_CLASS = YES_ERROR;
				CLANG_WARN_QUOTED_INCLUDE_IN_FRAMEWORK_HEADER = YES;
				CLANG_WARN_RANGE_LOOP_ANALYSIS = YES;
				CLANG_WARN_STRICT_PROTOTYPES = YES;
				CLANG_WARN_SUSPICIOUS_MOVE = YES;
				CLANG_WARN_UNGUARDED_AVAILABILITY = YES_AGGRESSIVE;
				CLANG_WARN_UNREACHABLE_CODE = YES;
				CLANG_WARN__DUPLICATE_METHOD_MATCH = YES;
				COPY_PHASE_STRIP = NO;
				DEBUG_INFORMATION_FORMAT = "dwarf-with-dsym";
				ENABLE_NS_ASSERTIONS = NO;
				ENABLE_STRICT_OBJC_MSGSEND = YES;
				GCC_C_LANGUAGE_STANDARD = gnu11;
				GCC_NO_COMMON_BLOCKS = YES;
				GCC_WARN_64_TO_32_BIT_CONVERSION = YES;
				GCC_WARN_ABOUT_RETURN_TYPE = YES_ERROR;
				GCC_WARN_UNDECLARED_SELECTOR = YES;
				GCC_WARN_UNINITIALIZED_AUTOS = YES_AGGRESSIVE;
				GCC_WARN_UNUSED_FUNCTION = YES;
				GCC_WARN_UNUSED_VARIABLE = YES;
				IPHONEOS_DEPLOYMENT_TARGET = 16.2;
				MTL_ENABLE_DEBUG_INFO = NO;
				MTL_FAST_MATH = YES;
				SDKROOT = iphoneos;
				SWIFT_COMPILATION_MODE = wholemodule;
				SWIFT_OPTIMIZATION_LEVEL = "-O";
				VALIDATE_PRODUCT = YES;
			};
			name = Release;
		};
		89A6F50D29998AB100E5052F /* Debug */ = {
			isa = XCBuildConfiguration;
			buildSettings = {
				ASSETCATALOG_COMPILER_APPICON_NAME = AppIcon;
				ASSETCATALOG_COMPILER_GLOBAL_ACCENT_COLOR_NAME = AccentColor;
				CODE_SIGN_IDENTITY = "Apple Development";
				CODE_SIGN_STYLE = Automatic;
				CURRENT_PROJECT_VERSION = 1;
				DEVELOPMENT_ASSET_PATHS = "\"Vaya/Preview Content\"";
				DEVELOPMENT_TEAM = "";
				ENABLE_PREVIEWS = YES;
				GENERATE_INFOPLIST_FILE = YES;
				INFOPLIST_KEY_UIApplicationSceneManifest_Generation = YES;
				INFOPLIST_KEY_UIApplicationSupportsIndirectInputEvents = YES;
				INFOPLIST_KEY_UILaunchScreen_Generation = YES;
				INFOPLIST_KEY_UISupportedInterfaceOrientations_iPad = "UIInterfaceOrientationPortrait UIInterfaceOrientationPortraitUpsideDown UIInterfaceOrientationLandscapeLeft UIInterfaceOrientationLandscapeRight";
				INFOPLIST_KEY_UISupportedInterfaceOrientations_iPhone = "UIInterfaceOrientationPortrait UIInterfaceOrientationLandscapeLeft UIInterfaceOrientationLandscapeRight";
				LD_RUNPATH_SEARCH_PATHS = (
					"$(inherited)",
					"@executable_path/Frameworks",
				);
				MARKETING_VERSION = 1.0;
				PRODUCT_BUNDLE_IDENTIFIER = Igor.Vaya;
				PRODUCT_NAME = "$(TARGET_NAME)";
				PROVISIONING_PROFILE_SPECIFIER = "";
				SWIFT_EMIT_LOC_STRINGS = YES;
				SWIFT_VERSION = 5.0;
				TARGETED_DEVICE_FAMILY = "1,2";
			};
			name = Debug;
		};
		89A6F50E29998AB100E5052F /* Release */ = {
			isa = XCBuildConfiguration;
			buildSettings = {
				ASSETCATALOG_COMPILER_APPICON_NAME = AppIcon;
				ASSETCATALOG_COMPILER_GLOBAL_ACCENT_COLOR_NAME = AccentColor;
				CODE_SIGN_IDENTITY = "Apple Development";
				CODE_SIGN_STYLE = Automatic;
				CURRENT_PROJECT_VERSION = 1;
				DEVELOPMENT_ASSET_PATHS = "\"Vaya/Preview Content\"";
				DEVELOPMENT_TEAM = "";
				ENABLE_PREVIEWS = YES;
				GENERATE_INFOPLIST_FILE = YES;
				INFOPLIST_KEY_UIApplicationSceneManifest_Generation = YES;
				INFOPLIST_KEY_UIApplicationSupportsIndirectInputEvents = YES;
				INFOPLIST_KEY_UILaunchScreen_Generation = YES;
				INFOPLIST_KEY_UISupportedInterfaceOrientations_iPad = "UIInterfaceOrientationPortrait UIInterfaceOrientationPortraitUpsideDown UIInterfaceOrientationLandscapeLeft UIInterfaceOrientationLandscapeRight";
				INFOPLIST_KEY_UISupportedInterfaceOrientations_iPhone = "UIInterfaceOrientationPortrait UIInterfaceOrientationLandscapeLeft UIInterfaceOrientationLandscapeRight";
				LD_RUNPATH_SEARCH_PATHS = (
					"$(inherited)",
					"@executable_path/Frameworks",
				);
				MARKETING_VERSION = 1.0;
				PRODUCT_BUNDLE_IDENTIFIER = Igor.Vaya;
				PRODUCT_NAME = "$(TARGET_NAME)";
				PROVISIONING_PROFILE_SPECIFIER = "";
				SWIFT_EMIT_LOC_STRINGS = YES;
				SWIFT_VERSION = 5.0;
				TARGETED_DEVICE_FAMILY = "1,2";
			};
			name = Release;
		};
/* End XCBuildConfiguration section */

/* Begin XCConfigurationList section */
		89A6F4F929998AA900E5052F /* Build configuration list for PBXProject "Vaya" */ = {
			isa = XCConfigurationList;
			buildConfigurations = (
				89A6F50A29998AB100E5052F /* Debug */,
				89A6F50B29998AB100E5052F /* Release */,
			);
			defaultConfigurationIsVisible = 0;
			defaultConfigurationName = Release;
		};
		89A6F50C29998AB100E5052F /* Build configuration list for PBXNativeTarget "Vaya" */ = {
			isa = XCConfigurationList;
			buildConfigurations = (
				89A6F50D29998AB100E5052F /* Debug */,
				89A6F50E29998AB100E5052F /* Release */,
			);
			defaultConfigurationIsVisible = 0;
			defaultConfigurationName = Release;
		};
/* End XCConfigurationList section */

/* Begin XCRemoteSwiftPackageReference section */
		89AAF5F029A68FDC004AC0D0 /* XCRemoteSwiftPackageReference "PopupView" */ = {
			isa = XCRemoteSwiftPackageReference;
			repositoryURL = "https://github.com/exyte/PopupView.git";
			requirement = {
				kind = upToNextMajorVersion;
				minimumVersion = 2.0.0;
			};
		};
		89CF4458299B53EB00D2F95F /* XCRemoteSwiftPackageReference "firebase-ios-sdk" */ = {
			isa = XCRemoteSwiftPackageReference;
			repositoryURL = "https://github.com/firebase/firebase-ios-sdk";
			requirement = {
				kind = upToNextMajorVersion;
				minimumVersion = 9.0.0;
			};
		};
/* End XCRemoteSwiftPackageReference section */

/* Begin XCSwiftPackageProductDependency section */
		89AAF5F129A68FDC004AC0D0 /* PopupView */ = {
			isa = XCSwiftPackageProductDependency;
			package = 89AAF5F029A68FDC004AC0D0 /* XCRemoteSwiftPackageReference "PopupView" */;
			productName = PopupView;
		};
		89CF4459299B53EB00D2F95F /* FirebaseAuth */ = {
			isa = XCSwiftPackageProductDependency;
			package = 89CF4458299B53EB00D2F95F /* XCRemoteSwiftPackageReference "firebase-ios-sdk" */;
			productName = FirebaseAuth;
		};
		89CF445B299B53EB00D2F95F /* FirebaseFirestore */ = {
			isa = XCSwiftPackageProductDependency;
			package = 89CF4458299B53EB00D2F95F /* XCRemoteSwiftPackageReference "firebase-ios-sdk" */;
			productName = FirebaseFirestore;
		};
		89CF445D299B53EB00D2F95F /* FirebaseFirestoreSwift */ = {
			isa = XCSwiftPackageProductDependency;
			package = 89CF4458299B53EB00D2F95F /* XCRemoteSwiftPackageReference "firebase-ios-sdk" */;
			productName = FirebaseFirestoreSwift;
		};
		89CF445F299B53EB00D2F95F /* FirebaseStorage */ = {
			isa = XCSwiftPackageProductDependency;
			package = 89CF4458299B53EB00D2F95F /* XCRemoteSwiftPackageReference "firebase-ios-sdk" */;
			productName = FirebaseStorage;
		};
/* End XCSwiftPackageProductDependency section */
	};
	rootObject = 89A6F4F629998AA900E5052F /* Project object */;
}
